{
  "name": "webauthn_json_serialization_polyfill",
  "version": "1.0.0",
  "lockfileVersion": 3,
  "requires": true,
  "packages": {
    "": {
      "name": "webauthn_json_serialization_polyfill",
      "version": "1.0.0",
      "license": "Apache-2.0",
      "dependencies": {
        "ua-parser-js": "^2.0.0-rc.1"
      }
    },
    "node_modules/detect-europe-js": {
      "version": "0.1.1",
      "resolved": "https://registry.npmjs.org/detect-europe-js/-/detect-europe-js-0.1.1.tgz",
      "integrity": "sha512-+bUXDf+tI3L4dcEuRdAFa44Amx9aEaJzoZssx7Xis4H1bXWc5fAcOP850BOj0wJPRzOdovOuOVEvrg6T+GflZA==",
      "funding": [
        {
          "type": "github",
          "url": "https://github.com/sponsors/faisalman"
        },
        {
          "type": "opencollective",
          "url": "https://opencollective.com/ua-parser-js"
        },
        {
          "type": "paypal",
          "url": "https://paypal.me/faisalman"
        }
      ]
    },
    "node_modules/ua-parser-js": {
      "version": "2.0.0-rc.1",
      "resolved": "https://registry.npmjs.org/ua-parser-js/-/ua-parser-js-2.0.0-rc.1.tgz",
      "integrity": "sha512-H+kTJv7j04XbMuASIIrp7TwKj8rVHfGLR9dI36FAWneGHyQ6JZVwFukFgxSyM/OChmk7dxsV82R/tnEQxb1EXg==",
      "funding": [
        {
          "type": "opencollective",
          "url": "https://opencollective.com/ua-parser-js"
        },
        {
          "type": "paypal",
          "url": "https://paypal.me/faisalman"
        },
        {
          "type": "github",
          "url": "https://github.com/sponsors/faisalman"
        }
      ],
      "dependencies": {
        "detect-europe-js": "^0.1.1"
      },
      "bin": {
        "ua-parser-js": "script/cli.js"
      },
      "engines": {
        "node": "*"
      }
    }
  }
}
